
Microsoft Visual Studio Solution File, Format Version 12.00
# Visual Studio Version 16
VisualStudioVersion = 16.0.30717.126
MinimumVisualStudioVersion = 10.0.40219.1
Project("{9A19103F-16F7-4668-BE54-9A1E7A4F7556}") = "PozitronDev.DIConfiguration", "src\PozitronDev.DIConfiguration\PozitronDev.DIConfiguration.csproj", "{37DB62C7-2B88-431E-B2A9-A74572DA553D}"
EndProject
Project("{2150E333-8FDC-42A3-9474-1A3956D46DE8}") = "sample", "sample", "{DABCF79F-EFAB-445D-968C-C9819807A697}"
EndProject
Global
	GlobalSection(SolutionConfigurationPlatforms) = preSolution
		Debug|Any CPU = Debug|Any CPU
		Release|Any CPU = Release|Any CPU
	EndGlobalSection
	GlobalSection(ProjectConfigurationPlatforms) = postSolution
		{37DB62C7-2B88-431E-B2A9-A74572DA553D}.Debug|Any CPU.ActiveCfg = Debug|Any CPU
		{37DB62C7-2B88-431E-B2A9-A74572DA553D}.Debug|Any CPU.Build.0 = Debug|Any CPU
		{37DB62C7-2B88-431E-B2A9-A74572DA553D}.Release|Any CPU.ActiveCfg = Release|Any CPU
		{37DB62C7-2B88-431E-B2A9-A74572DA553D}.Release|Any CPU.Build.0 = Release|Any CPU
	EndGlobalSection
	GlobalSection(SolutionProperties) = preSolution
		HideSolutionNode = FALSE
	EndGlobalSection
	GlobalSection(ExtensibilityGlobals) = postSolution
		SolutionGuid = {348FDAAD-6A46-4961-B43F-E498294A0410}
	EndGlobalSection
EndGlobal
